{
    "_readme": [
        "This file locks the dependencies of your project to a known state",
        "Read more about it at https://getcomposer.org/doc/01-basic-usage.md#composer-lock-the-lock-file",
        "This file is @generated automatically"
    ],
    "content-hash": "76d625b231f2881d41783ce01efc601f",
    "packages": [],
    "packages-dev": [
        {
            "name": "johnpbloch/wordpress",
            "version": "4.9.2",
            "source": {
                "type": "git",
                "url": "https://github.com/johnpbloch/wordpress.git",
                "reference": "34627d0b992bbe9ed909c73b27307297fb21f2a4"
            },
            "dist": {
                "type": "zip",
                "url": "https://api.github.com/repos/johnpbloch/wordpress/zipball/34627d0b992bbe9ed909c73b27307297fb21f2a4",
                "reference": "34627d0b992bbe9ed909c73b27307297fb21f2a4",
                "shasum": ""
            },
            "require": {
                "johnpbloch/wordpress-core": "4.9.2",
                "johnpbloch/wordpress-core-installer": "^1.0",
                "php": ">=5.3.2"
            },
            "type": "package",
            "notification-url": "https://packagist.org/downloads/",
            "license": [
                "GPL-2.0+"
            ],
            "authors": [
                {
                    "name": "WordPress Community",
                    "homepage": "http://wordpress.org/about/"
                }
            ],
            "description": "WordPress is web software you can use to create a beautiful website or blog.",
            "homepage": "http://wordpress.org/",
            "keywords": [
                "blog",
                "cms",
                "wordpress"
            ],
            "time": "2018-01-16T23:12:18+00:00"
        },
        {
            "name": "johnpbloch/wordpress-core",
            "version": "4.9.2",
            "source": {
                "type": "git",
                "url": "https://github.com/johnpbloch/wordpress-core.git",
                "reference": "59292fac30315323ce99e1a1d362015581e5d8e6"
            },
            "dist": {
                "type": "zip",
                "url": "https://api.github.com/repos/johnpbloch/wordpress-core/zipball/59292fac30315323ce99e1a1d362015581e5d8e6",
                "reference": "59292fac30315323ce99e1a1d362015581e5d8e6",
                "shasum": ""
            },
            "require": {
                "php": ">=5.3.2"
            },
            "provide": {
                "wordpress/core-implementation": "4.9.2"
            },
            "type": "wordpress-core",
            "notification-url": "https://packagist.org/downloads/",
            "license": [
                "GPL-2.0+"
            ],
            "authors": [
                {
                    "name": "WordPress Community",
                    "homepage": "http://wordpress.org/about/"
                }
            ],
            "description": "WordPress is web software you can use to create a beautiful website or blog.",
            "homepage": "http://wordpress.org/",
            "keywords": [
                "blog",
                "cms",
                "wordpress"
            ],
            "time": "2018-01-16T23:12:12+00:00"
        },
        {
            "name": "johnpbloch/wordpress-core-installer",
            "version": "1.0.0.2",
            "source": {
                "type": "git",
                "url": "https://github.com/johnpbloch/wordpress-core-installer.git",
                "reference": "7941acd71725710a789daabe0557429da63e7ac6"
            },
            "dist": {
                "type": "zip",
                "url": "https://api.github.com/repos/johnpbloch/wordpress-core-installer/zipball/7941acd71725710a789daabe0557429da63e7ac6",
                "reference": "7941acd71725710a789daabe0557429da63e7ac6",
                "shasum": ""
            },
            "require": {
                "composer-plugin-api": "^1.0"
            },
            "conflict": {
                "composer/installers": "<1.0.6"
            },
            "require-dev": {
                "composer/composer": "^1.0",
                "phpunit/phpunit": ">=4.8.35"
            },
            "type": "composer-plugin",
            "extra": {
                "class": "johnpbloch\\Composer\\WordPressCorePlugin"
            },
            "autoload": {
                "psr-0": {
                    "johnpbloch\\Composer\\": "src/"
                }
            },
            "notification-url": "https://packagist.org/downloads/",
            "license": [
                "GPL-2.0+"
            ],
            "authors": [
                {
                    "name": "John P. Bloch",
                    "email": "me@johnpbloch.com"
                }
            ],
            "description": "A custom installer to handle deploying WordPress with composer",
            "keywords": [
                "wordpress"
            ],
            "time": "2018-01-29T14:49:29+00:00"
        }
    ],
    "aliases": [],
    "minimum-stability": "stable",
    "stability-flags": [],
    "prefer-stable": false,
    "prefer-lowest": false,
    "platform": [],
    "platform-dev": []
}
